
Microsoft Visual Studio Solution File, Format Version 12.00
# Visual Studio 14
VisualStudioVersion = 14.0.25420.1
MinimumVisualStudioVersion = 10.0.40219.1
Project("{FAE04EC0-301F-11D3-BF4B-00C04F79EFBC}") = "StudentService", "StudentService\StudentService.csproj", "{75CEF7FC-F4B2-489A-BC69-4C987EEE71E2}"
EndProject
Project("{FAE04EC0-301F-11D3-BF4B-00C04F79EFBC}") = "WinServiceStudentHost", "WinServiceStudentHost\WinServiceStudentHost.csproj", "{1F1A0347-CAB6-4CD2-A2F9-A88E22F540F7}"
EndProject
Global
	GlobalSection(SolutionConfigurationPlatforms) = preSolution
		Debug|Any CPU = Debug|Any CPU
		Release|Any CPU = Release|Any CPU
	EndGlobalSection
	GlobalSection(ProjectConfigurationPlatforms) = postSolution
		{75CEF7FC-F4B2-489A-BC69-4C987EEE71E2}.Debug|Any CPU.ActiveCfg = Debug|Any CPU
		{75CEF7FC-F4B2-489A-BC69-4C987EEE71E2}.Debug|Any CPU.Build.0 = Debug|Any CPU
		{75CEF7FC-F4B2-489A-BC69-4C987EEE71E2}.Release|Any CPU.ActiveCfg = Release|Any CPU
		{75CEF7FC-F4B2-489A-BC69-4C987EEE71E2}.Release|Any CPU.Build.0 = Release|Any CPU
		{1F1A0347-CAB6-4CD2-A2F9-A88E22F540F7}.Debug|Any CPU.ActiveCfg = Debug|Any CPU
		{1F1A0347-CAB6-4CD2-A2F9-A88E22F540F7}.Debug|Any CPU.Build.0 = Debug|Any CPU
		{1F1A0347-CAB6-4CD2-A2F9-A88E22F540F7}.Release|Any CPU.ActiveCfg = Release|Any CPU
		{1F1A0347-CAB6-4CD2-A2F9-A88E22F540F7}.Release|Any CPU.Build.0 = Release|Any CPU
	EndGlobalSection
	GlobalSection(SolutionProperties) = preSolution
		HideSolutionNode = FALSE
	EndGlobalSection
EndGlobal
